
Microsoft Visual Studio Solution File, Format Version 12.00
# Visual Studio Version 16
VisualStudioVersion = 16.0.30907.101
MinimumVisualStudioVersion = 10.0.40219.1
Project("{FAE04EC0-301F-11D3-BF4B-00C04F79EFBC}") = "Assembly-CSharp", "Assembly-CSharp.csproj", "{19A2DEA9-273E-CBB6-4E5F-28C2AD9798E1}"
EndProject
Project("{FAE04EC0-301F-11D3-BF4B-00C04F79EFBC}") = "AstarPathfindingProject", "AstarPathfindingProject.csproj", "{33231088-6444-4FD0-D345-D65D53E5EC97}"
EndProject
Project("{FAE04EC0-301F-11D3-BF4B-00C04F79EFBC}") = "AstarPathfindingProjectEditor", "AstarPathfindingProjectEditor.csproj", "{88C3CC77-44F1-9B8B-09D6-59892F8C418F}"
EndProject
Project("{FAE04EC0-301F-11D3-BF4B-00C04F79EFBC}") = "PackageToolsEditor", "PackageToolsEditor.csproj", "{96694F12-ECDD-DF1A-6D7D-E2430C64254A}"
EndProject
Global
	GlobalSection(SolutionConfigurationPlatforms) = preSolution
		Debug|Any CPU = Debug|Any CPU
	EndGlobalSection
	GlobalSection(ProjectConfigurationPlatforms) = postSolution
		{19A2DEA9-273E-CBB6-4E5F-28C2AD9798E1}.Debug|Any CPU.ActiveCfg = Debug|Any CPU
		{19A2DEA9-273E-CBB6-4E5F-28C2AD9798E1}.Debug|Any CPU.Build.0 = Debug|Any CPU
		{33231088-6444-4FD0-D345-D65D53E5EC97}.Debug|Any CPU.ActiveCfg = Debug|Any CPU
		{33231088-6444-4FD0-D345-D65D53E5EC97}.Debug|Any CPU.Build.0 = Debug|Any CPU
		{88C3CC77-44F1-9B8B-09D6-59892F8C418F}.Debug|Any CPU.ActiveCfg = Debug|Any CPU
		{88C3CC77-44F1-9B8B-09D6-59892F8C418F}.Debug|Any CPU.Build.0 = Debug|Any CPU
		{96694F12-ECDD-DF1A-6D7D-E2430C64254A}.Debug|Any CPU.ActiveCfg = Debug|Any CPU
		{96694F12-ECDD-DF1A-6D7D-E2430C64254A}.Debug|Any CPU.Build.0 = Debug|Any CPU
	EndGlobalSection
	GlobalSection(SolutionProperties) = preSolution
		HideSolutionNode = FALSE
	EndGlobalSection
	GlobalSection(ExtensibilityGlobals) = postSolution
		SolutionGuid = {AB14FF3D-BD1C-4D24-A18C-699A72CFBCD5}
	EndGlobalSection
EndGlobal
