
Microsoft Visual Studio Solution File, Format Version 11.00
# Visual Studio 2010
Project("{FAE04EC0-301F-11D3-BF4B-00C04F79EFBC}") = "AstarPathfindingProject", "AstarPathfindingProject.csproj", "{88102333-4464-d04f-d345-d65d53e5ec97}"
EndProject
Project("{FAE04EC0-301F-11D3-BF4B-00C04F79EFBC}") = "Assembly-CSharp", "Assembly-CSharp.csproj", "{19a2dea9-273e-cbb6-4e5f-28c2ad9798e1}"
EndProject
Project("{FAE04EC0-301F-11D3-BF4B-00C04F79EFBC}") = "AstarPathfindingProjectEditor", "AstarPathfindingProjectEditor.csproj", "{77ccc388-f144-8b9b-09d6-59892f8c418f}"
EndProject
Project("{FAE04EC0-301F-11D3-BF4B-00C04F79EFBC}") = "PackageToolsEditor", "PackageToolsEditor.csproj", "{124f6996-ddec-1adf-6d7d-e2430c64254a}"
EndProject
Global
	GlobalSection(SolutionConfigurationPlatforms) = preSolution
		Debug|Any CPU = Debug|Any CPU
	EndGlobalSection
	GlobalSection(ProjectConfigurationPlatforms) = postSolution
		{88102333-4464-d04f-d345-d65d53e5ec97}.Debug|Any CPU.ActiveCfg = Debug|Any CPU
		{88102333-4464-d04f-d345-d65d53e5ec97}.Debug|Any CPU.Build.0 = Debug|Any CPU
		{19a2dea9-273e-cbb6-4e5f-28c2ad9798e1}.Debug|Any CPU.ActiveCfg = Debug|Any CPU
		{19a2dea9-273e-cbb6-4e5f-28c2ad9798e1}.Debug|Any CPU.Build.0 = Debug|Any CPU
		{77ccc388-f144-8b9b-09d6-59892f8c418f}.Debug|Any CPU.ActiveCfg = Debug|Any CPU
		{77ccc388-f144-8b9b-09d6-59892f8c418f}.Debug|Any CPU.Build.0 = Debug|Any CPU
		{124f6996-ddec-1adf-6d7d-e2430c64254a}.Debug|Any CPU.ActiveCfg = Debug|Any CPU
		{124f6996-ddec-1adf-6d7d-e2430c64254a}.Debug|Any CPU.Build.0 = Debug|Any CPU
	EndGlobalSection
	GlobalSection(SolutionProperties) = preSolution
		HideSolutionNode = FALSE
	EndGlobalSection
EndGlobal
